// !$*UTF8*$!
{
	archiveVersion = 1;
	classes = {
	};
	objectVersion = 46;
	objects = {

/* Begin PBXBuildFile section */
		D68C0E3D1C1C1274007235EE /* main.m in Sources */ = {isa = PBXBuildFile; fileRef = D68C0E3C1C1C1274007235EE /* main.m */; };
		D68C0E481C1C1274007235EE /* Assets.xcassets in Resources */ = {isa = PBXBuildFile; fileRef = D68C0E471C1C1274007235EE /* Assets.xcassets */; };
		D68C0E4B1C1C1274007235EE /* LaunchScreen.storyboard in Resources */ = {isa = PBXBuildFile; fileRef = D68C0E491C1C1274007235EE /* LaunchScreen.storyboard */; };
		D68C0E781C1C2CBE007235EE /* AGLAlbumListController.m in Sources */ = {isa = PBXBuildFile; fileRef = D68C0E771C1C2CBE007235EE /* AGLAlbumListController.m */; };
		D68C0E811C1C3580007235EE /* AGLPhotoPickerController.m in Sources */ = {isa = PBXBuildFile; fileRef = D68C0E801C1C3580007235EE /* AGLPhotoPickerController.m */; };
		D68C0E841C1C35A6007235EE /* AGLPhotoCollectionController.m in Sources */ = {isa = PBXBuildFile; fileRef = D68C0E831C1C35A6007235EE /* AGLPhotoCollectionController.m */; };
		D68C0EC21C1C5921007235EE /* AppDelegate.m in Sources */ = {isa = PBXBuildFile; fileRef = D68C0EC11C1C5921007235EE /* AppDelegate.m */; };
		D68C0ECF1C1C8B0B007235EE /* AGLPhotoBrowserController.m in Sources */ = {isa = PBXBuildFile; fileRef = D68C0ECE1C1C8B0B007235EE /* AGLPhotoBrowserController.m */; };
		D68C0ED71C1C8B35007235EE /* AGLALAssetModel.m in Sources */ = {isa = PBXBuildFile; fileRef = D68C0ED21C1C8B35007235EE /* AGLALAssetModel.m */; };
		D68C0ED81C1C8B35007235EE /* AGLPhotoCollectionViewCell.m in Sources */ = {isa = PBXBuildFile; fileRef = D68C0ED61C1C8B35007235EE /* AGLPhotoCollectionViewCell.m */; };
		D68C0EE11C1C8B5F007235EE /* UIViewController+AGLHelper.m in Sources */ = {isa = PBXBuildFile; fileRef = D68C0EDD1C1C8B5F007235EE /* UIViewController+AGLHelper.m */; };
		D68C0EE21C1C8B5F007235EE /* AGLStartViewController.m in Sources */ = {isa = PBXBuildFile; fileRef = D68C0EE01C1C8B5F007235EE /* AGLStartViewController.m */; };
/* End PBXBuildFile section */

/* Begin PBXFileReference section */
		D68C0E381C1C1274007235EE /* AGLImagePicker.app */ = {isa = PBXFileReference; explicitFileType = wrapper.application; includeInIndex = 0; path = AGLImagePicker.app; sourceTree = BUILT_PRODUCTS_DIR; };
		D68C0E3C1C1C1274007235EE /* main.m */ = {isa = PBXFileReference; lastKnownFileType = sourcecode.c.objc; path = main.m; sourceTree = "<group>"; };
		D68C0E471C1C1274007235EE /* Assets.xcassets */ = {isa = PBXFileReference; lastKnownFileType = folder.assetcatalog; path = Assets.xcassets; sourceTree = "<group>"; };
		D68C0E4A1C1C1274007235EE /* Base */ = {isa = PBXFileReference; lastKnownFileType = file.storyboard; name = Base; path = Base.lproj/LaunchScreen.storyboard; sourceTree = "<group>"; };
		D68C0E4C1C1C1274007235EE /* Info.plist */ = {isa = PBXFileReference; lastKnownFileType = text.plist.xml; path = Info.plist; sourceTree = "<group>"; };
		D68C0E761C1C2CBE007235EE /* AGLAlbumListController.h */ = {isa = PBXFileReference; fileEncoding = 4; lastKnownFileType = sourcecode.c.h; path = AGLAlbumListController.h; sourceTree = "<group>"; };
		D68C0E771C1C2CBE007235EE /* AGLAlbumListController.m */ = {isa = PBXFileReference; fileEncoding = 4; lastKnownFileType = sourcecode.c.objc; path = AGLAlbumListController.m; sourceTree = "<group>"; };
		D68C0E7F1C1C3580007235EE /* AGLPhotoPickerController.h */ = {isa = PBXFileReference; fileEncoding = 4; lastKnownFileType = sourcecode.c.h; path = AGLPhotoPickerController.h; sourceTree = "<group>"; };
		D68C0E801C1C3580007235EE /* AGLPhotoPickerController.m */ = {isa = PBXFileReference; fileEncoding = 4; lastKnownFileType = sourcecode.c.objc; path = AGLPhotoPickerController.m; sourceTree = "<group>"; };
		D68C0E821C1C35A6007235EE /* AGLPhotoCollectionController.h */ = {isa = PBXFileReference; fileEncoding = 4; lastKnownFileType = sourcecode.c.h; path = AGLPhotoCollectionController.h; sourceTree = "<group>"; };
		D68C0E831C1C35A6007235EE /* AGLPhotoCollectionController.m */ = {isa = PBXFileReference; fileEncoding = 4; lastKnownFileType = sourcecode.c.objc; path = AGLPhotoCollectionController.m; sourceTree = "<group>"; };
		D68C0EC01C1C5921007235EE /* AppDelegate.h */ = {isa = PBXFileReference; fileEncoding = 4; lastKnownFileType = sourcecode.c.h; path = AppDelegate.h; sourceTree = "<group>"; };
		D68C0EC11C1C5921007235EE /* AppDelegate.m */ = {isa = PBXFileReference; fileEncoding = 4; lastKnownFileType = sourcecode.c.objc; path = AppDelegate.m; sourceTree = "<group>"; };
		D68C0ECD1C1C8B0B007235EE /* AGLPhotoBrowserController.h */ = {isa = PBXFileReference; fileEncoding = 4; lastKnownFileType = sourcecode.c.h; path = AGLPhotoBrowserController.h; sourceTree = "<group>"; };
		D68C0ECE1C1C8B0B007235EE /* AGLPhotoBrowserController.m */ = {isa = PBXFileReference; fileEncoding = 4; lastKnownFileType = sourcecode.c.objc; path = AGLPhotoBrowserController.m; sourceTree = "<group>"; };
		D68C0ED11C1C8B35007235EE /* AGLALAssetModel.h */ = {isa = PBXFileReference; fileEncoding = 4; lastKnownFileType = sourcecode.c.h; path = AGLALAssetModel.h; sourceTree = "<group>"; };
		D68C0ED21C1C8B35007235EE /* AGLALAssetModel.m */ = {isa = PBXFileReference; fileEncoding = 4; lastKnownFileType = sourcecode.c.objc; path = AGLALAssetModel.m; sourceTree = "<group>"; };
		D68C0ED51C1C8B35007235EE /* AGLPhotoCollectionViewCell.h */ = {isa = PBXFileReference; fileEncoding = 4; lastKnownFileType = sourcecode.c.h; path = AGLPhotoCollectionViewCell.h; sourceTree = "<group>"; };
		D68C0ED61C1C8B35007235EE /* AGLPhotoCollectionViewCell.m */ = {isa = PBXFileReference; fileEncoding = 4; lastKnownFileType = sourcecode.c.objc; path = AGLPhotoCollectionViewCell.m; sourceTree = "<group>"; };
		D68C0EDC1C1C8B5F007235EE /* UIViewController+AGLHelper.h */ = {isa = PBXFileReference; fileEncoding = 4; lastKnownFileType = sourcecode.c.h; path = "UIViewController+AGLHelper.h"; sourceTree = "<group>"; };
		D68C0EDD1C1C8B5F007235EE /* UIViewController+AGLHelper.m */ = {isa = PBXFileReference; fileEncoding = 4; lastKnownFileType = sourcecode.c.objc; path = "UIViewController+AGLHelper.m"; sourceTree = "<group>"; };
		D68C0EDF1C1C8B5F007235EE /* AGLStartViewController.h */ = {isa = PBXFileReference; fileEncoding = 4; lastKnownFileType = sourcecode.c.h; path = AGLStartViewController.h; sourceTree = "<group>"; };
		D68C0EE01C1C8B5F007235EE /* AGLStartViewController.m */ = {isa = PBXFileReference; fileEncoding = 4; lastKnownFileType = sourcecode.c.objc; path = AGLStartViewController.m; sourceTree = "<group>"; };
/* End PBXFileReference section */

/* Begin PBXFrameworksBuildPhase section */
		D68C0E351C1C1274007235EE /* Frameworks */ = {
			isa = PBXFrameworksBuildPhase;
			buildActionMask = 2147483647;
			files = (
			);
			runOnlyForDeploymentPostprocessing = 0;
		};
/* End PBXFrameworksBuildPhase section */

/* Begin PBXGroup section */
		D68C0E2F1C1C1274007235EE = {
			isa = PBXGroup;
			children = (
				D68C0E3A1C1C1274007235EE /* AGLImagePicker */,
				D68C0E391C1C1274007235EE /* Products */,
			);
			sourceTree = "<group>";
		};
		D68C0E391C1C1274007235EE /* Products */ = {
			isa = PBXGroup;
			children = (
				D68C0E381C1C1274007235EE /* AGLImagePicker.app */,
			);
			name = Products;
			sourceTree = "<group>";
		};
		D68C0E3A1C1C1274007235EE /* AGLImagePicker */ = {
			isa = PBXGroup;
			children = (
				D68C0EBF1C1C5921007235EE /* Delegate */,
				D68C0E521C1C1297007235EE /* Main */,
				D68C0E471C1C1274007235EE /* Assets.xcassets */,
				D68C0E491C1C1274007235EE /* LaunchScreen.storyboard */,
				D68C0E4C1C1C1274007235EE /* Info.plist */,
				D68C0E3B1C1C1274007235EE /* Supporting Files */,
			);
			path = AGLImagePicker;
			sourceTree = "<group>";
		};
		D68C0E3B1C1C1274007235EE /* Supporting Files */ = {
			isa = PBXGroup;
			children = (
				D68C0E3C1C1C1274007235EE /* main.m */,
			);
			name = "Supporting Files";
			sourceTree = "<group>";
		};
		D68C0E521C1C1297007235EE /* Main */ = {
			isa = PBXGroup;
			children = (
				D68C0ED91C1C8B5F007235EE /* Demo */,
				D68C0E731C1C2C76007235EE /* ImagePick */,
			);
			path = Main;
			sourceTree = "<group>";
		};
		D68C0E731C1C2C76007235EE /* ImagePick */ = {
			isa = PBXGroup;
			children = (
				D68C0ECC1C1C8B0B007235EE /* Brower */,
				D68C0E7C1C1C3580007235EE /* PhotoCollection */,
				D68C0E7E1C1C3580007235EE /* Picker */,
				D68C0E741C1C2C76007235EE /* AlbumList */,
			);
			path = ImagePick;
			sourceTree = "<group>";
		};
		D68C0E741C1C2C76007235EE /* AlbumList */ = {
			isa = PBXGroup;
			children = (
				D68C0E751C1C2C76007235EE /* Controller */,
			);
			path = AlbumList;
			sourceTree = "<group>";
		};
		D68C0E751C1C2C76007235EE /* Controller */ = {
			isa = PBXGroup;
			children = (
				D68C0E761C1C2CBE007235EE /* AGLAlbumListController.h */,
				D68C0E771C1C2CBE007235EE /* AGLAlbumListController.m */,
			);
			path = Controller;
			sourceTree = "<group>";
		};
		D68C0E7C1C1C3580007235EE /* PhotoCollection */ = {
			isa = PBXGroup;
			children = (
				D68C0ED01C1C8B35007235EE /* Model */,
				D68C0ED31C1C8B35007235EE /* View */,
				D68C0E7D1C1C3580007235EE /* Controller */,
			);
			path = PhotoCollection;
			sourceTree = "<group>";
		};
		D68C0E7D1C1C3580007235EE /* Controller */ = {
			isa = PBXGroup;
			children = (
				D68C0E821C1C35A6007235EE /* AGLPhotoCollectionController.h */,
				D68C0E831C1C35A6007235EE /* AGLPhotoCollectionController.m */,
			);
			path = Controller;
			sourceTree = "<group>";
		};
		D68C0E7E1C1C3580007235EE /* Picker */ = {
			isa = PBXGroup;
			children = (
				D68C0E7F1C1C3580007235EE /* AGLPhotoPickerController.h */,
				D68C0E801C1C3580007235EE /* AGLPhotoPickerController.m */,
			);
			path = Picker;
			sourceTree = "<group>";
		};
		D68C0EBF1C1C5921007235EE /* Delegate */ = {
			isa = PBXGroup;
			children = (
				D68C0EC01C1C5921007235EE /* AppDelegate.h */,
				D68C0EC11C1C5921007235EE /* AppDelegate.m */,
			);
			path = Delegate;
			sourceTree = "<group>";
		};
		D68C0ECC1C1C8B0B007235EE /* Brower */ = {
			isa = PBXGroup;
			children = (
				D68C0ECD1C1C8B0B007235EE /* AGLPhotoBrowserController.h */,
				D68C0ECE1C1C8B0B007235EE /* AGLPhotoBrowserController.m */,
			);
			path = Brower;
			sourceTree = "<group>";
		};
		D68C0ED01C1C8B35007235EE /* Model */ = {
			isa = PBXGroup;
			children = (
				D68C0ED11C1C8B35007235EE /* AGLALAssetModel.h */,
				D68C0ED21C1C8B35007235EE /* AGLALAssetModel.m */,
			);
			path = Model;
			sourceTree = "<group>";
		};
		D68C0ED31C1C8B35007235EE /* View */ = {
			isa = PBXGroup;
			children = (
				D68C0ED41C1C8B35007235EE /* Cell */,
			);
			path = View;
			sourceTree = "<group>";
		};
		D68C0ED41C1C8B35007235EE /* Cell */ = {
			isa = PBXGroup;
			children = (
				D68C0ED51C1C8B35007235EE /* AGLPhotoCollectionViewCell.h */,
				D68C0ED61C1C8B35007235EE /* AGLPhotoCollectionViewCell.m */,
			);
			path = Cell;
			sourceTree = "<group>";
		};
		D68C0ED91C1C8B5F007235EE /* Demo */ = {
			isa = PBXGroup;
			children = (
				D68C0EDA1C1C8B5F007235EE /* Start */,
			);
			path = Demo;
			sourceTree = "<group>";
		};
		D68C0EDA1C1C8B5F007235EE /* Start */ = {
			isa = PBXGroup;
			children = (
				D68C0EDB1C1C8B5F007235EE /* Category */,
				D68C0EDE1C1C8B5F007235EE /* Controller */,
			);
			path = Start;
			sourceTree = "<group>";
		};
		D68C0EDB1C1C8B5F007235EE /* Category */ = {
			isa = PBXGroup;
			children = (
				D68C0EDC1C1C8B5F007235EE /* UIViewController+AGLHelper.h */,
				D68C0EDD1C1C8B5F007235EE /* UIViewController+AGLHelper.m */,
			);
			path = Category;
			sourceTree = "<group>";
		};
		D68C0EDE1C1C8B5F007235EE /* Controller */ = {
			isa = PBXGroup;
			children = (
				D68C0EDF1C1C8B5F007235EE /* AGLStartViewController.h */,
				D68C0EE01C1C8B5F007235EE /* AGLStartViewController.m */,
			);
			path = Controller;
			sourceTree = "<group>";
		};
/* End PBXGroup section */

/* Begin PBXNativeTarget section */
		D68C0E371C1C1274007235EE /* AGLImagePicker */ = {
			isa = PBXNativeTarget;
			buildConfigurationList = D68C0E4F1C1C1274007235EE /* Build configuration list for PBXNativeTarget "AGLImagePicker" */;
			buildPhases = (
				D68C0E341C1C1274007235EE /* Sources */,
				D68C0E351C1C1274007235EE /* Frameworks */,
				D68C0E361C1C1274007235EE /* Resources */,
			);
			buildRules = (
			);
			dependencies = (
			);
			name = AGLImagePicker;
			productName = AGLImagePicker;
			productReference = D68C0E381C1C1274007235EE /* AGLImagePicker.app */;
			productType = "com.apple.product-type.application";
		};
/* End PBXNativeTarget section */

/* Begin PBXProject section */
		D68C0E301C1C1274007235EE /* Project object */ = {
			isa = PBXProject;
			attributes = {
				CLASSPREFIX = AGL;
				LastUpgradeCheck = 0720;
				ORGANIZATIONNAME = angryli;
				TargetAttributes = {
					D68C0E371C1C1274007235EE = {
						CreatedOnToolsVersion = 7.2;
					};
				};
			};
			buildConfigurationList = D68C0E331C1C1274007235EE /* Build configuration list for PBXProject "AGLImagePicker" */;
			compatibilityVersion = "Xcode 3.2";
			developmentRegion = English;
			hasScannedForEncodings = 0;
			knownRegions = (
				en,
				Base,
			);
			mainGroup = D68C0E2F1C1C1274007235EE;
			productRefGroup = D68C0E391C1C1274007235EE /* Products */;
			projectDirPath = "";
			projectRoot = "";
			targets = (
				D68C0E371C1C1274007235EE /* AGLImagePicker */,
			);
		};
/* End PBXProject section */

/* Begin PBXResourcesBuildPhase section */
		D68C0E361C1C1274007235EE /* Resources */ = {
			isa = PBXResourcesBuildPhase;
			buildActionMask = 2147483647;
			files = (
				D68C0E4B1C1C1274007235EE /* LaunchScreen.storyboard in Resources */,
				D68C0E481C1C1274007235EE /* Assets.xcassets in Resources */,
			);
			runOnlyForDeploymentPostprocessing = 0;
		};
/* End PBXResourcesBuildPhase section */

/* Begin PBXSourcesBuildPhase section */
		D68C0E341C1C1274007235EE /* Sources */ = {
			isa = PBXSourcesBuildPhase;
			buildActionMask = 2147483647;
			files = (
				D68C0E811C1C3580007235EE /* AGLPhotoPickerController.m in Sources */,
				D68C0EE11C1C8B5F007235EE /* UIViewController+AGLHelper.m in Sources */,
				D68C0EC21C1C5921007235EE /* AppDelegate.m in Sources */,
				D68C0EE21C1C8B5F007235EE /* AGLStartViewController.m in Sources */,
				D68C0ED81C1C8B35007235EE /* AGLPhotoCollectionViewCell.m in Sources */,
				D68C0E3D1C1C1274007235EE /* main.m in Sources */,
				D68C0ED71C1C8B35007235EE /* AGLALAssetModel.m in Sources */,
				D68C0ECF1C1C8B0B007235EE /* AGLPhotoBrowserController.m in Sources */,
				D68C0E841C1C35A6007235EE /* AGLPhotoCollectionController.m in Sources */,
				D68C0E781C1C2CBE007235EE /* AGLAlbumListController.m in Sources */,
			);
			runOnlyForDeploymentPostprocessing = 0;
		};
/* End PBXSourcesBuildPhase section */

/* Begin PBXVariantGroup section */
		D68C0E491C1C1274007235EE /* LaunchScreen.storyboard */ = {
			isa = PBXVariantGroup;
			children = (
				D68C0E4A1C1C1274007235EE /* Base */,
			);
			name = LaunchScreen.storyboard;
			sourceTree = "<group>";
		};
/* End PBXVariantGroup section */

/* Begin XCBuildConfiguration section */
		D68C0E4D1C1C1274007235EE /* Debug */ = {
			isa = XCBuildConfiguration;
			buildSettings = {
				ALWAYS_SEARCH_USER_PATHS = NO;
				CLANG_CXX_LANGUAGE_STANDARD = "gnu++0x";
				CLANG_CXX_LIBRARY = "libc++";
				CLANG_ENABLE_MODULES = YES;
				CLANG_ENABLE_OBJC_ARC = YES;
				CLANG_WARN_BOOL_CONVERSION = YES;
				CLANG_WARN_CONSTANT_CONVERSION = YES;
				CLANG_WARN_DIRECT_OBJC_ISA_USAGE = YES_ERROR;
				CLANG_WARN_EMPTY_BODY = YES;
				CLANG_WARN_ENUM_CONVERSION = YES;
				CLANG_WARN_INT_CONVERSION = YES;
				CLANG_WARN_OBJC_ROOT_CLASS = YES_ERROR;
				CLANG_WARN_UNREACHABLE_CODE = YES;
				CLANG_WARN__DUPLICATE_METHOD_MATCH = YES;
				"CODE_SIGN_IDENTITY[sdk=iphoneos*]" = "iPhone Developer";
				COPY_PHASE_STRIP = NO;
				DEBUG_INFORMATION_FORMAT = dwarf;
				ENABLE_STRICT_OBJC_MSGSEND = YES;
				ENABLE_TESTABILITY = YES;
				GCC_C_LANGUAGE_STANDARD = gnu99;
				GCC_DYNAMIC_NO_PIC = NO;
				GCC_NO_COMMON_BLOCKS = YES;
				GCC_OPTIMIZATION_LEVEL = 0;
				GCC_PREPROCESSOR_DEFINITIONS = (
					"DEBUG=1",
					"$(inherited)",
				);
				GCC_WARN_64_TO_32_BIT_CONVERSION = YES;
				GCC_WARN_ABOUT_RETURN_TYPE = YES_ERROR;
				GCC_WARN_UNDECLARED_SELECTOR = YES;
				GCC_WARN_UNINITIALIZED_AUTOS = YES_AGGRESSIVE;
				GCC_WARN_UNUSED_FUNCTION = YES;
				GCC_WARN_UNUSED_VARIABLE = YES;
				IPHONEOS_DEPLOYMENT_TARGET = 9.2;
				MTL_ENABLE_DEBUG_INFO = YES;
				ONLY_ACTIVE_ARCH = YES;
				SDKROOT = iphoneos;
			};
			name = Debug;
		};
		D68C0E4E1C1C1274007235EE /* Release */ = {
			isa = XCBuildConfiguration;
			buildSettings = {
				ALWAYS_SEARCH_USER_PATHS = NO;
				CLANG_CXX_LANGUAGE_STANDARD = "gnu++0x";
				CLANG_CXX_LIBRARY = "libc++";
				CLANG_ENABLE_MODULES = YES;
				CLANG_ENABLE_OBJC_ARC = YES;
				CLANG_WARN_BOOL_CONVERSION = YES;
				CLANG_WARN_CONSTANT_CONVERSION = YES;
				CLANG_WARN_DIRECT_OBJC_ISA_USAGE = YES_ERROR;
				CLANG_WARN_EMPTY_BODY = YES;
				CLANG_WARN_ENUM_CONVERSION = YES;
				CLANG_WARN_INT_CONVERSION = YES;
				CLANG_WARN_OBJC_ROOT_CLASS = YES_ERROR;
				CLANG_WARN_UNREACHABLE_CODE = YES;
				CLANG_WARN__DUPLICATE_METHOD_MATCH = YES;
				"CODE_SIGN_IDENTITY[sdk=iphoneos*]" = "iPhone Developer";
				COPY_PHASE_STRIP = NO;
				DEBUG_INFORMATION_FORMAT = "dwarf-with-dsym";
				ENABLE_NS_ASSERTIONS = NO;
				ENABLE_STRICT_OBJC_MSGSEND = YES;
				GCC_C_LANGUAGE_STANDARD = gnu99;
				GCC_NO_COMMON_BLOCKS = YES;
				GCC_WARN_64_TO_32_BIT_CONVERSION = YES;
				GCC_WARN_ABOUT_RETURN_TYPE = YES_ERROR;
				GCC_WARN_UNDECLARED_SELECTOR = YES;
				GCC_WARN_UNINITIALIZED_AUTOS = YES_AGGRESSIVE;
				GCC_WARN_UNUSED_FUNCTION = YES;
				GCC_WARN_UNUSED_VARIABLE = YES;
				IPHONEOS_DEPLOYMENT_TARGET = 9.2;
				MTL_ENABLE_DEBUG_INFO = NO;
				SDKROOT = iphoneos;
				VALIDATE_PRODUCT = YES;
			};
			name = Release;
		};
		D68C0E501C1C1274007235EE /* Debug */ = {
			isa = XCBuildConfiguration;
			buildSettings = {
				ASSETCATALOG_COMPILER_APPICON_NAME = AppIcon;
				INFOPLIST_FILE = AGLImagePicker/Info.plist;
				IPHONEOS_DEPLOYMENT_TARGET = 7.0;
				LD_RUNPATH_SEARCH_PATHS = "$(inherited) @executable_path/Frameworks";
				PRODUCT_BUNDLE_IDENTIFIER = com.angryli.AGLImagePicker;
				PRODUCT_NAME = "$(TARGET_NAME)";
			};
			name = Debug;
		};
		D68C0E511C1C1274007235EE /* Release */ = {
			isa = XCBuildConfiguration;
			buildSettings = {
				ASSETCATALOG_COMPILER_APPICON_NAME = AppIcon;
				INFOPLIST_FILE = AGLImagePicker/Info.plist;
				IPHONEOS_DEPLOYMENT_TARGET = 7.0;
				LD_RUNPATH_SEARCH_PATHS = "$(inherited) @executable_path/Frameworks";
				PRODUCT_BUNDLE_IDENTIFIER = com.angryli.AGLImagePicker;
				PRODUCT_NAME = "$(TARGET_NAME)";
			};
			name = Release;
		};
/* End XCBuildConfiguration section */

/* Begin XCConfigurationList section */
		D68C0E331C1C1274007235EE /* Build configuration list for PBXProject "AGLImagePicker" */ = {
			isa = XCConfigurationList;
			buildConfigurations = (
				D68C0E4D1C1C1274007235EE /* Debug */,
				D68C0E4E1C1C1274007235EE /* Release */,
			);
			defaultConfigurationIsVisible = 0;
			defaultConfigurationName = Release;
		};
		D68C0E4F1C1C1274007235EE /* Build configuration list for PBXNativeTarget "AGLImagePicker" */ = {
			isa = XCConfigurationList;
			buildConfigurations = (
				D68C0E501C1C1274007235EE /* Debug */,
				D68C0E511C1C1274007235EE /* Release */,
			);
			defaultConfigurationIsVisible = 0;
			defaultConfigurationName = Release;
		};
/* End XCConfigurationList section */
	};
	rootObject = D68C0E301C1C1274007235EE /* Project object */;
}
